// !$*UTF8*$!
{
	archiveVersion = 1;
	classes = {
	};
	objectVersion = 60;
	objects = {

/* Begin PBXBuildFile section */
		1B75ADDC2B7171420020A315 /* AppDelegate.swift in Sources */ = {isa = PBXBuildFile; fileRef = 1B75ADDB2B7171420020A315 /* AppDelegate.swift */; };
		1B75ADDE2B7171420020A315 /* SceneDelegate.swift in Sources */ = {isa = PBXBuildFile; fileRef = 1B75ADDD2B7171420020A315 /* SceneDelegate.swift */; };
		1B75ADE32B7171420020A315 /* Main.storyboard in Resources */ = {isa = PBXBuildFile; fileRef = 1B75ADE12B7171420020A315 /* Main.storyboard */; };
		1B75ADE52B7171430020A315 /* Assets.xcassets in Resources */ = {isa = PBXBuildFile; fileRef = 1B75ADE42B7171430020A315 /* Assets.xcassets */; };
		1B75ADE82B7171430020A315 /* LaunchScreen.storyboard in Resources */ = {isa = PBXBuildFile; fileRef = 1B75ADE62B7171430020A315 /* LaunchScreen.storyboard */; };
		1BA584562B839DA40004FF0B /* TabBarViewController.swift in Sources */ = {isa = PBXBuildFile; fileRef = 1BA584552B839DA40004FF0B /* TabBarViewController.swift */; };
		1BA584582B839EA40004FF0B /* FeedViewController.swift in Sources */ = {isa = PBXBuildFile; fileRef = 1BA584572B839EA40004FF0B /* FeedViewController.swift */; };
		1BA5845A2B839ECC0004FF0B /* NotificationsViewController.swift in Sources */ = {isa = PBXBuildFile; fileRef = 1BA584592B839ECC0004FF0B /* NotificationsViewController.swift */; };
		1BA5845C2B839EF10004FF0B /* ProfileViewController.swift in Sources */ = {isa = PBXBuildFile; fileRef = 1BA5845B2B839EF10004FF0B /* ProfileViewController.swift */; };
		1BA584672B83A51C0004FF0B /* DancingScript-Medium.ttf in Resources */ = {isa = PBXBuildFile; fileRef = 1BA584602B83A51B0004FF0B /* DancingScript-Medium.ttf */; };
		1BA5846A2B83A51C0004FF0B /* OFL.txt in Resources */ = {isa = PBXBuildFile; fileRef = 1BA584632B83A51B0004FF0B /* OFL.txt */; };
		1BA5846C2B83A51C0004FF0B /* DancingScript-VariableFont_wght.ttf in Resources */ = {isa = PBXBuildFile; fileRef = 1BA584652B83A51B0004FF0B /* DancingScript-VariableFont_wght.ttf */; };
		1BA5846E2B83B1450004FF0B /* StoriesTableViewCell.swift in Sources */ = {isa = PBXBuildFile; fileRef = 1BA5846D2B83B1450004FF0B /* StoriesTableViewCell.swift */; };
		1BA584702B83BC0D0004FF0B /* StoriesView.swift in Sources */ = {isa = PBXBuildFile; fileRef = 1BA5846F2B83BC0D0004FF0B /* StoriesView.swift */; };
		1BA584742B83E7BF0004FF0B /* MainTableViewCell.swift in Sources */ = {isa = PBXBuildFile; fileRef = 1BA584732B83E7BF0004FF0B /* MainTableViewCell.swift */; };
		1BA584792B8417150004FF0B /* RecomendTableViewCell.swift in Sources */ = {isa = PBXBuildFile; fileRef = 1BA584782B8417150004FF0B /* RecomendTableViewCell.swift */; };
		1BA5847B2B84172E0004FF0B /* RecomendView.swift in Sources */ = {isa = PBXBuildFile; fileRef = 1BA5847A2B84172E0004FF0B /* RecomendView.swift */; };
		1BA5847E2B850C740004FF0B /* ButtonTableViewCell.swift in Sources */ = {isa = PBXBuildFile; fileRef = 1BA5847D2B850C740004FF0B /* ButtonTableViewCell.swift */; };
		1BA584802B850C8B0004FF0B /* PostTableViewCell.swift in Sources */ = {isa = PBXBuildFile; fileRef = 1BA5847F2B850C8B0004FF0B /* PostTableViewCell.swift */; };
		1BA584832B861AF70004FF0B /* Story.swift in Sources */ = {isa = PBXBuildFile; fileRef = 1BA584822B861AF70004FF0B /* Story.swift */; };
		1BA584852B861B8B0004FF0B /* Post.swift in Sources */ = {isa = PBXBuildFile; fileRef = 1BA584842B861B8B0004FF0B /* Post.swift */; };
		1BA584872B861BBD0004FF0B /* RecommendFriends.swift in Sources */ = {isa = PBXBuildFile; fileRef = 1BA584862B861BBD0004FF0B /* RecommendFriends.swift */; };
		1BA584892B861BF40004FF0B /* PostNotification.swift in Sources */ = {isa = PBXBuildFile; fileRef = 1BA584882B861BF40004FF0B /* PostNotification.swift */; };
		1BA5848B2B861C510004FF0B /* Subscriber.swift in Sources */ = {isa = PBXBuildFile; fileRef = 1BA5848A2B861C510004FF0B /* Subscriber.swift */; };
		1BEFC88F2B869498003B603D /* HeaderTableViewCell.swift in Sources */ = {isa = PBXBuildFile; fileRef = 1BEFC88E2B869498003B603D /* HeaderTableViewCell.swift */; };
		1BEFC8912B86B937003B603D /* StorySpaceView.swift in Sources */ = {isa = PBXBuildFile; fileRef = 1BEFC8902B86B937003B603D /* StorySpaceView.swift */; };
		1BEFC8932B86BD49003B603D /* StorySpaceContent.swift in Sources */ = {isa = PBXBuildFile; fileRef = 1BEFC8922B86BD49003B603D /* StorySpaceContent.swift */; };
		1BEFC8952B86BF3F003B603D /* StorySpaceTableViewCell.swift in Sources */ = {isa = PBXBuildFile; fileRef = 1BEFC8942B86BF3F003B603D /* StorySpaceTableViewCell.swift */; };
		1BEFC8972B876AB8003B603D /* SpaceCollectionViewCell.swift in Sources */ = {isa = PBXBuildFile; fileRef = 1BEFC8962B876AB8003B603D /* SpaceCollectionViewCell.swift */; };
		1BEFC8992B877041003B603D /* CollectionPostTableViewCell.swift in Sources */ = {isa = PBXBuildFile; fileRef = 1BEFC8982B877041003B603D /* CollectionPostTableViewCell.swift */; };
		1BEFC89B2B879249003B603D /* WKWebViewController.swift in Sources */ = {isa = PBXBuildFile; fileRef = 1BEFC89A2B879249003B603D /* WKWebViewController.swift */; };
		1BEFC89D2B87D37A003B603D /* FullStoryViewController.swift in Sources */ = {isa = PBXBuildFile; fileRef = 1BEFC89C2B87D37A003B603D /* FullStoryViewController.swift */; };
/* End PBXBuildFile section */

/* Begin PBXFileReference section */
		1B75ADD82B7171420020A315 /* UiKitDz.app */ = {isa = PBXFileReference; explicitFileType = wrapper.application; includeInIndex = 0; path = UiKitDz.app; sourceTree = BUILT_PRODUCTS_DIR; };
		1B75ADDB2B7171420020A315 /* AppDelegate.swift */ = {isa = PBXFileReference; lastKnownFileType = sourcecode.swift; path = AppDelegate.swift; sourceTree = "<group>"; };
		1B75ADDD2B7171420020A315 /* SceneDelegate.swift */ = {isa = PBXFileReference; lastKnownFileType = sourcecode.swift; path = SceneDelegate.swift; sourceTree = "<group>"; };
		1B75ADE22B7171420020A315 /* Base */ = {isa = PBXFileReference; lastKnownFileType = file.storyboard; name = Base; path = Base.lproj/Main.storyboard; sourceTree = "<group>"; };
		1B75ADE42B7171430020A315 /* Assets.xcassets */ = {isa = PBXFileReference; lastKnownFileType = folder.assetcatalog; path = Assets.xcassets; sourceTree = "<group>"; };
		1B75ADE72B7171430020A315 /* Base */ = {isa = PBXFileReference; lastKnownFileType = file.storyboard; name = Base; path = Base.lproj/LaunchScreen.storyboard; sourceTree = "<group>"; };
		1B75ADE92B7171430020A315 /* Info.plist */ = {isa = PBXFileReference; lastKnownFileType = text.plist.xml; path = Info.plist; sourceTree = "<group>"; };
		1BA584552B839DA40004FF0B /* TabBarViewController.swift */ = {isa = PBXFileReference; lastKnownFileType = sourcecode.swift; path = TabBarViewController.swift; sourceTree = "<group>"; };
		1BA584572B839EA40004FF0B /* FeedViewController.swift */ = {isa = PBXFileReference; lastKnownFileType = sourcecode.swift; path = FeedViewController.swift; sourceTree = "<group>"; };
		1BA584592B839ECC0004FF0B /* NotificationsViewController.swift */ = {isa = PBXFileReference; lastKnownFileType = sourcecode.swift; path = NotificationsViewController.swift; sourceTree = "<group>"; };
		1BA5845B2B839EF10004FF0B /* ProfileViewController.swift */ = {isa = PBXFileReference; lastKnownFileType = sourcecode.swift; path = ProfileViewController.swift; sourceTree = "<group>"; };
		1BA584602B83A51B0004FF0B /* DancingScript-Medium.ttf */ = {isa = PBXFileReference; lastKnownFileType = file; path = "DancingScript-Medium.ttf"; sourceTree = "<group>"; };
		1BA584632B83A51B0004FF0B /* OFL.txt */ = {isa = PBXFileReference; fileEncoding = 4; lastKnownFileType = text; path = OFL.txt; sourceTree = "<group>"; };
		1BA584652B83A51B0004FF0B /* DancingScript-VariableFont_wght.ttf */ = {isa = PBXFileReference; lastKnownFileType = file; path = "DancingScript-VariableFont_wght.ttf"; sourceTree = "<group>"; };
		1BA5846D2B83B1450004FF0B /* StoriesTableViewCell.swift */ = {isa = PBXFileReference; lastKnownFileType = sourcecode.swift; path = StoriesTableViewCell.swift; sourceTree = "<group>"; };
		1BA5846F2B83BC0D0004FF0B /* StoriesView.swift */ = {isa = PBXFileReference; lastKnownFileType = sourcecode.swift; path = StoriesView.swift; sourceTree = "<group>"; };
		1BA584732B83E7BF0004FF0B /* MainTableViewCell.swift */ = {isa = PBXFileReference; lastKnownFileType = sourcecode.swift; path = MainTableViewCell.swift; sourceTree = "<group>"; };
		1BA584782B8417150004FF0B /* RecomendTableViewCell.swift */ = {isa = PBXFileReference; lastKnownFileType = sourcecode.swift; path = RecomendTableViewCell.swift; sourceTree = "<group>"; };
		1BA5847A2B84172E0004FF0B /* RecomendView.swift */ = {isa = PBXFileReference; lastKnownFileType = sourcecode.swift; path = RecomendView.swift; sourceTree = "<group>"; };
		1BA5847D2B850C740004FF0B /* ButtonTableViewCell.swift */ = {isa = PBXFileReference; lastKnownFileType = sourcecode.swift; path = ButtonTableViewCell.swift; sourceTree = "<group>"; };
		1BA5847F2B850C8B0004FF0B /* PostTableViewCell.swift */ = {isa = PBXFileReference; lastKnownFileType = sourcecode.swift; path = PostTableViewCell.swift; sourceTree = "<group>"; };
		1BA584822B861AF70004FF0B /* Story.swift */ = {isa = PBXFileReference; lastKnownFileType = sourcecode.swift; path = Story.swift; sourceTree = "<group>"; };
		1BA584842B861B8B0004FF0B /* Post.swift */ = {isa = PBXFileReference; lastKnownFileType = sourcecode.swift; path = Post.swift; sourceTree = "<group>"; };
		1BA584862B861BBD0004FF0B /* RecommendFriends.swift */ = {isa = PBXFileReference; lastKnownFileType = sourcecode.swift; path = RecommendFriends.swift; sourceTree = "<group>"; };
		1BA584882B861BF40004FF0B /* PostNotification.swift */ = {isa = PBXFileReference; lastKnownFileType = sourcecode.swift; path = PostNotification.swift; sourceTree = "<group>"; };
		1BA5848A2B861C510004FF0B /* Subscriber.swift */ = {isa = PBXFileReference; lastKnownFileType = sourcecode.swift; path = Subscriber.swift; sourceTree = "<group>"; };
		1BEFC88E2B869498003B603D /* HeaderTableViewCell.swift */ = {isa = PBXFileReference; lastKnownFileType = sourcecode.swift; path = HeaderTableViewCell.swift; sourceTree = "<group>"; };
		1BEFC8902B86B937003B603D /* StorySpaceView.swift */ = {isa = PBXFileReference; lastKnownFileType = sourcecode.swift; path = StorySpaceView.swift; sourceTree = "<group>"; };
		1BEFC8922B86BD49003B603D /* StorySpaceContent.swift */ = {isa = PBXFileReference; lastKnownFileType = sourcecode.swift; path = StorySpaceContent.swift; sourceTree = "<group>"; };
		1BEFC8942B86BF3F003B603D /* StorySpaceTableViewCell.swift */ = {isa = PBXFileReference; lastKnownFileType = sourcecode.swift; path = StorySpaceTableViewCell.swift; sourceTree = "<group>"; };
		1BEFC8962B876AB8003B603D /* SpaceCollectionViewCell.swift */ = {isa = PBXFileReference; lastKnownFileType = sourcecode.swift; path = SpaceCollectionViewCell.swift; sourceTree = "<group>"; };
		1BEFC8982B877041003B603D /* CollectionPostTableViewCell.swift */ = {isa = PBXFileReference; lastKnownFileType = sourcecode.swift; path = CollectionPostTableViewCell.swift; sourceTree = "<group>"; };
		1BEFC89A2B879249003B603D /* WKWebViewController.swift */ = {isa = PBXFileReference; lastKnownFileType = sourcecode.swift; path = WKWebViewController.swift; sourceTree = "<group>"; };
		1BEFC89C2B87D37A003B603D /* FullStoryViewController.swift */ = {isa = PBXFileReference; lastKnownFileType = sourcecode.swift; path = FullStoryViewController.swift; sourceTree = "<group>"; };
/* End PBXFileReference section */

/* Begin PBXFrameworksBuildPhase section */
		1B75ADD52B7171420020A315 /* Frameworks */ = {
			isa = PBXFrameworksBuildPhase;
			buildActionMask = 2147483647;
			files = (
			);
			runOnlyForDeploymentPostprocessing = 0;
		};
/* End PBXFrameworksBuildPhase section */

/* Begin PBXGroup section */
		1B75ADCF2B7171420020A315 = {
			isa = PBXGroup;
			children = (
				1B75ADDA2B7171420020A315 /* UiKitDz */,
				1B75ADD92B7171420020A315 /* Products */,
			);
			sourceTree = "<group>";
		};
		1B75ADD92B7171420020A315 /* Products */ = {
			isa = PBXGroup;
			children = (
				1B75ADD82B7171420020A315 /* UiKitDz.app */,
			);
			name = Products;
			sourceTree = "<group>";
		};
		1B75ADDA2B7171420020A315 /* UiKitDz */ = {
			isa = PBXGroup;
			children = (
				1BA584812B8611C40004FF0B /* Models */,
				1BA5847C2B850C160004FF0B /* Notifications */,
				1BA584772B8416E90004FF0B /* Recomend */,
				1BA584762B8416C30004FF0B /* TabBar */,
				1BA584752B8416A30004FF0B /* Story */,
				1BEFC88D2B867E81003B603D /* ProfileFiles */,
				1B75ADE42B7171430020A315 /* Assets.xcassets */,
				1B75ADE92B7171430020A315 /* Info.plist */,
				1BA584572B839EA40004FF0B /* FeedViewController.swift */,
				1BA584592B839ECC0004FF0B /* NotificationsViewController.swift */,
				1BA5845B2B839EF10004FF0B /* ProfileViewController.swift */,
				1BA584732B83E7BF0004FF0B /* MainTableViewCell.swift */,
				1BA5845D2B83A51B0004FF0B /* Dancing_Script */,
			);
			path = UiKitDz;
			sourceTree = "<group>";
		};
		1BA5845D2B83A51B0004FF0B /* Dancing_Script */ = {
			isa = PBXGroup;
			children = (
				1BA5845E2B83A51B0004FF0B /* static */,
				1BA584632B83A51B0004FF0B /* OFL.txt */,
				1BA584652B83A51B0004FF0B /* DancingScript-VariableFont_wght.ttf */,
			);
			path = Dancing_Script;
			sourceTree = "<group>";
		};
		1BA5845E2B83A51B0004FF0B /* static */ = {
			isa = PBXGroup;
			children = (
				1BA584602B83A51B0004FF0B /* DancingScript-Medium.ttf */,
			);
			path = static;
			sourceTree = "<group>";
		};
		1BA584752B8416A30004FF0B /* Story */ = {
			isa = PBXGroup;
			children = (
				1BA5846F2B83BC0D0004FF0B /* StoriesView.swift */,
				1BA5846D2B83B1450004FF0B /* StoriesTableViewCell.swift */,
			);
			path = Story;
			sourceTree = "<group>";
		};
		1BA584762B8416C30004FF0B /* TabBar */ = {
			isa = PBXGroup;
			children = (
				1B75ADDB2B7171420020A315 /* AppDelegate.swift */,
				1B75ADDD2B7171420020A315 /* SceneDelegate.swift */,
				1B75ADE12B7171420020A315 /* Main.storyboard */,
				1B75ADE62B7171430020A315 /* LaunchScreen.storyboard */,
				1BA584552B839DA40004FF0B /* TabBarViewController.swift */,
			);
			path = TabBar;
			sourceTree = "<group>";
		};
		1BA584772B8416E90004FF0B /* Recomend */ = {
			isa = PBXGroup;
			children = (
				1BA584782B8417150004FF0B /* RecomendTableViewCell.swift */,
				1BA5847A2B84172E0004FF0B /* RecomendView.swift */,
			);
			path = Recomend;
			sourceTree = "<group>";
		};
		1BA5847C2B850C160004FF0B /* Notifications */ = {
			isa = PBXGroup;
			children = (
				1BA5847D2B850C740004FF0B /* ButtonTableViewCell.swift */,
				1BA5847F2B850C8B0004FF0B /* PostTableViewCell.swift */,
			);
			path = Notifications;
			sourceTree = "<group>";
		};
		1BA584812B8611C40004FF0B /* Models */ = {
			isa = PBXGroup;
			children = (
				1BA584822B861AF70004FF0B /* Story.swift */,
				1BA584842B861B8B0004FF0B /* Post.swift */,
				1BA584862B861BBD0004FF0B /* RecommendFriends.swift */,
				1BA584882B861BF40004FF0B /* PostNotification.swift */,
				1BA5848A2B861C510004FF0B /* Subscriber.swift */,
			);
			path = Models;
			sourceTree = "<group>";
		};
		1BEFC88D2B867E81003B603D /* ProfileFiles */ = {
			isa = PBXGroup;
			children = (
				1BEFC88E2B869498003B603D /* HeaderTableViewCell.swift */,
				1BEFC8902B86B937003B603D /* StorySpaceView.swift */,
				1BEFC8922B86BD49003B603D /* StorySpaceContent.swift */,
				1BEFC8942B86BF3F003B603D /* StorySpaceTableViewCell.swift */,
				1BEFC8962B876AB8003B603D /* SpaceCollectionViewCell.swift */,
				1BEFC8982B877041003B603D /* CollectionPostTableViewCell.swift */,
				1BEFC89A2B879249003B603D /* WKWebViewController.swift */,
				1BEFC89C2B87D37A003B603D /* FullStoryViewController.swift */,
			);
			path = ProfileFiles;
			sourceTree = "<group>";
		};
/* End PBXGroup section */

/* Begin PBXNativeTarget section */
		1B75ADD72B7171420020A315 /* UiKitDz */ = {
			isa = PBXNativeTarget;
			buildConfigurationList = 1B75ADEC2B7171430020A315 /* Build configuration list for PBXNativeTarget "UiKitDz" */;
			buildPhases = (
				1BA584022B719BE40004FF0B /* swift Formater */,
				1B305AA62B71908E007F1A31 /* Swift Link */,
				1B75ADD42B7171420020A315 /* Sources */,
				1B75ADD52B7171420020A315 /* Frameworks */,
				1B75ADD62B7171420020A315 /* Resources */,
			);
			buildRules = (
			);
			dependencies = (
			);
			name = UiKitDz;
			productName = UiKitDz;
			productReference = 1B75ADD82B7171420020A315 /* UiKitDz.app */;
			productType = "com.apple.product-type.application";
		};
/* End PBXNativeTarget section */

/* Begin PBXProject section */
		1B75ADD02B7171420020A315 /* Project object */ = {
			isa = PBXProject;
			attributes = {
				BuildIndependentTargetsInParallel = 1;
				LastSwiftUpdateCheck = 1430;
				LastUpgradeCheck = 1430;
				TargetAttributes = {
					1B75ADD72B7171420020A315 = {
						CreatedOnToolsVersion = 14.3.1;
					};
				};
			};
			buildConfigurationList = 1B75ADD32B7171420020A315 /* Build configuration list for PBXProject "UiKitDz" */;
			compatibilityVersion = "Xcode 15.0";
			developmentRegion = en;
			hasScannedForEncodings = 0;
			knownRegions = (
				en,
				Base,
			);
			mainGroup = 1B75ADCF2B7171420020A315;
			productRefGroup = 1B75ADD92B7171420020A315 /* Products */;
			projectDirPath = "";
			projectRoot = "";
			targets = (
				1B75ADD72B7171420020A315 /* UiKitDz */,
			);
		};
/* End PBXProject section */

/* Begin PBXResourcesBuildPhase section */
		1B75ADD62B7171420020A315 /* Resources */ = {
			isa = PBXResourcesBuildPhase;
			buildActionMask = 2147483647;
			files = (
				1B75ADE82B7171430020A315 /* LaunchScreen.storyboard in Resources */,
				1BA5846C2B83A51C0004FF0B /* DancingScript-VariableFont_wght.ttf in Resources */,
				1B75ADE52B7171430020A315 /* Assets.xcassets in Resources */,
				1BA584672B83A51C0004FF0B /* DancingScript-Medium.ttf in Resources */,
				1B75ADE32B7171420020A315 /* Main.storyboard in Resources */,
				1BA5846A2B83A51C0004FF0B /* OFL.txt in Resources */,
			);
			runOnlyForDeploymentPostprocessing = 0;
		};
/* End PBXResourcesBuildPhase section */

/* Begin PBXShellScriptBuildPhase section */
		1B305AA62B71908E007F1A31 /* Swift Link */ = {
			isa = PBXShellScriptBuildPhase;
			alwaysOutOfDate = 1;
			buildActionMask = 2147483647;
			files = (
			);
			inputFileListPaths = (
			);
			inputPaths = (
			);
			name = "Swift Link";
			outputFileListPaths = (
			);
			outputPaths = (
			);
			runOnlyForDeploymentPostprocessing = 0;
			shellPath = /bin/sh;
			shellScript = "if [[ \"$(uname -m)\" == arm64 ]]; then\n    export PATH=\"/opt/homebrew/bin:$PATH\"\nfi\n\nif which swiftlint > /dev/null; then\n  swiftlint\nelse\n  echo \"warning: SwiftLint not installed, download from https://github.com/realm/SwiftLint\"\nfi\n";
			showEnvVarsInLog = 0;
		};
		1BA584022B719BE40004FF0B /* swift Formater */ = {
			isa = PBXShellScriptBuildPhase;
			alwaysOutOfDate = 1;
			buildActionMask = 2147483647;
			files = (
			);
			inputFileListPaths = (
			);
			inputPaths = (
			);
			name = "swift Formater";
			outputFileListPaths = (
			);
			outputPaths = (
			);
			runOnlyForDeploymentPostprocessing = 0;
			shellPath = /bin/sh;
			shellScript = "if [[ \"$(uname -m)\" == arm64 ]]; then\n    export PATH=\"/opt/homebrew/bin:$PATH\"\nfi\n\nif which swiftformat > /dev/null; then\n  swiftformat .\nelse\n  echo \"warning: SwiftFormat not installed, download from https://github.com/nicklockwood/SwiftFormat\"\nfi\n";
			showEnvVarsInLog = 0;
		};
/* End PBXShellScriptBuildPhase section */

/* Begin PBXSourcesBuildPhase section */
		1B75ADD42B7171420020A315 /* Sources */ = {
			isa = PBXSourcesBuildPhase;
			buildActionMask = 2147483647;
			files = (
				1BA5848B2B861C510004FF0B /* Subscriber.swift in Sources */,
				1BA584702B83BC0D0004FF0B /* StoriesView.swift in Sources */,
				1BEFC8952B86BF3F003B603D /* StorySpaceTableViewCell.swift in Sources */,
				1BEFC88F2B869498003B603D /* HeaderTableViewCell.swift in Sources */,
				1BA5847B2B84172E0004FF0B /* RecomendView.swift in Sources */,
				1BA5847E2B850C740004FF0B /* ButtonTableViewCell.swift in Sources */,
				1BEFC8972B876AB8003B603D /* SpaceCollectionViewCell.swift in Sources */,
				1BEFC8932B86BD49003B603D /* StorySpaceContent.swift in Sources */,
				1BA584562B839DA40004FF0B /* TabBarViewController.swift in Sources */,
				1BA584582B839EA40004FF0B /* FeedViewController.swift in Sources */,
				1BA584792B8417150004FF0B /* RecomendTableViewCell.swift in Sources */,
				1BEFC8992B877041003B603D /* CollectionPostTableViewCell.swift in Sources */,
				1BA584832B861AF70004FF0B /* Story.swift in Sources */,
				1BA584742B83E7BF0004FF0B /* MainTableViewCell.swift in Sources */,
				1BA5845A2B839ECC0004FF0B /* NotificationsViewController.swift in Sources */,
				1BEFC89B2B879249003B603D /* WKWebViewController.swift in Sources */,
				1BA5845C2B839EF10004FF0B /* ProfileViewController.swift in Sources */,
				1B75ADDC2B7171420020A315 /* AppDelegate.swift in Sources */,
				1BA584802B850C8B0004FF0B /* PostTableViewCell.swift in Sources */,
				1BA584872B861BBD0004FF0B /* RecommendFriends.swift in Sources */,
				1BA584852B861B8B0004FF0B /* Post.swift in Sources */,
				1BEFC89D2B87D37A003B603D /* FullStoryViewController.swift in Sources */,
				1BEFC8912B86B937003B603D /* StorySpaceView.swift in Sources */,
				1B75ADDE2B7171420020A315 /* SceneDelegate.swift in Sources */,
				1BA5846E2B83B1450004FF0B /* StoriesTableViewCell.swift in Sources */,
				1BA584892B861BF40004FF0B /* PostNotification.swift in Sources */,
			);
			runOnlyForDeploymentPostprocessing = 0;
		};
/* End PBXSourcesBuildPhase section */

/* Begin PBXVariantGroup section */
		1B75ADE12B7171420020A315 /* Main.storyboard */ = {
			isa = PBXVariantGroup;
			children = (
				1B75ADE22B7171420020A315 /* Base */,
			);
			name = Main.storyboard;
			sourceTree = "<group>";
		};
		1B75ADE62B7171430020A315 /* LaunchScreen.storyboard */ = {
			isa = PBXVariantGroup;
			children = (
				1B75ADE72B7171430020A315 /* Base */,
			);
			name = LaunchScreen.storyboard;
			sourceTree = "<group>";
		};
/* End PBXVariantGroup section */

/* Begin XCBuildConfiguration section */
		1B75ADEA2B7171430020A315 /* Debug */ = {
			isa = XCBuildConfiguration;
			buildSettings = {
				ALWAYS_SEARCH_USER_PATHS = NO;
				CLANG_ANALYZER_NONNULL = YES;
				CLANG_ANALYZER_NUMBER_OBJECT_CONVERSION = YES_AGGRESSIVE;
				CLANG_CXX_LANGUAGE_STANDARD = "gnu++20";
				CLANG_ENABLE_MODULES = YES;
				CLANG_ENABLE_OBJC_ARC = YES;
				CLANG_ENABLE_OBJC_WEAK = YES;
				CLANG_WARN_BLOCK_CAPTURE_AUTORELEASING = YES;
				CLANG_WARN_BOOL_CONVERSION = YES;
				CLANG_WARN_COMMA = YES;
				CLANG_WARN_CONSTANT_CONVERSION = YES;
				CLANG_WARN_DEPRECATED_OBJC_IMPLEMENTATIONS = YES;
				CLANG_WARN_DIRECT_OBJC_ISA_USAGE = YES_ERROR;
				CLANG_WARN_DOCUMENTATION_COMMENTS = YES;
				CLANG_WARN_EMPTY_BODY = YES;
				CLANG_WARN_ENUM_CONVERSION = YES;
				CLANG_WARN_INFINITE_RECURSION = YES;
				CLANG_WARN_INT_CONVERSION = YES;
				CLANG_WARN_NON_LITERAL_NULL_CONVERSION = YES;
				CLANG_WARN_OBJC_IMPLICIT_RETAIN_SELF = YES;
				CLANG_WARN_OBJC_LITERAL_CONVERSION = YES;
				CLANG_WARN_OBJC_ROOT_CLASS = YES_ERROR;
				CLANG_WARN_QUOTED_INCLUDE_IN_FRAMEWORK_HEADER = YES;
				CLANG_WARN_RANGE_LOOP_ANALYSIS = YES;
				CLANG_WARN_STRICT_PROTOTYPES = YES;
				CLANG_WARN_SUSPICIOUS_MOVE = YES;
				CLANG_WARN_UNGUARDED_AVAILABILITY = YES_AGGRESSIVE;
				CLANG_WARN_UNREACHABLE_CODE = YES;
				CLANG_WARN__DUPLICATE_METHOD_MATCH = YES;
				COPY_PHASE_STRIP = NO;
				DEBUG_INFORMATION_FORMAT = dwarf;
				ENABLE_STRICT_OBJC_MSGSEND = YES;
				ENABLE_TESTABILITY = YES;
				GCC_C_LANGUAGE_STANDARD = gnu11;
				GCC_DYNAMIC_NO_PIC = NO;
				GCC_NO_COMMON_BLOCKS = YES;
				GCC_OPTIMIZATION_LEVEL = 0;
				GCC_PREPROCESSOR_DEFINITIONS = (
					"DEBUG=1",
					"$(inherited)",
				);
				GCC_WARN_64_TO_32_BIT_CONVERSION = YES;
				GCC_WARN_ABOUT_RETURN_TYPE = YES_ERROR;
				GCC_WARN_UNDECLARED_SELECTOR = YES;
				GCC_WARN_UNINITIALIZED_AUTOS = YES_AGGRESSIVE;
				GCC_WARN_UNUSED_FUNCTION = YES;
				GCC_WARN_UNUSED_VARIABLE = YES;
				IPHONEOS_DEPLOYMENT_TARGET = 16.4;
				MTL_ENABLE_DEBUG_INFO = INCLUDE_SOURCE;
				MTL_FAST_MATH = YES;
				ONLY_ACTIVE_ARCH = YES;
				SDKROOT = iphoneos;
				SWIFT_ACTIVE_COMPILATION_CONDITIONS = DEBUG;
				SWIFT_OPTIMIZATION_LEVEL = "-Onone";
			};
			name = Debug;
		};
		1B75ADEB2B7171430020A315 /* Release */ = {
			isa = XCBuildConfiguration;
			buildSettings = {
				ALWAYS_SEARCH_USER_PATHS = NO;
				CLANG_ANALYZER_NONNULL = YES;
				CLANG_ANALYZER_NUMBER_OBJECT_CONVERSION = YES_AGGRESSIVE;
				CLANG_CXX_LANGUAGE_STANDARD = "gnu++20";
				CLANG_ENABLE_MODULES = YES;
				CLANG_ENABLE_OBJC_ARC = YES;
				CLANG_ENABLE_OBJC_WEAK = YES;
				CLANG_WARN_BLOCK_CAPTURE_AUTORELEASING = YES;
				CLANG_WARN_BOOL_CONVERSION = YES;
				CLANG_WARN_COMMA = YES;
				CLANG_WARN_CONSTANT_CONVERSION = YES;
				CLANG_WARN_DEPRECATED_OBJC_IMPLEMENTATIONS = YES;
				CLANG_WARN_DIRECT_OBJC_ISA_USAGE = YES_ERROR;
				CLANG_WARN_DOCUMENTATION_COMMENTS = YES;
				CLANG_WARN_EMPTY_BODY = YES;
				CLANG_WARN_ENUM_CONVERSION = YES;
				CLANG_WARN_INFINITE_RECURSION = YES;
				CLANG_WARN_INT_CONVERSION = YES;
				CLANG_WARN_NON_LITERAL_NULL_CONVERSION = YES;
				CLANG_WARN_OBJC_IMPLICIT_RETAIN_SELF = YES;
				CLANG_WARN_OBJC_LITERAL_CONVERSION = YES;
				CLANG_WARN_OBJC_ROOT_CLASS = YES_ERROR;
				CLANG_WARN_QUOTED_INCLUDE_IN_FRAMEWORK_HEADER = YES;
				CLANG_WARN_RANGE_LOOP_ANALYSIS = YES;
				CLANG_WARN_STRICT_PROTOTYPES = YES;
				CLANG_WARN_SUSPICIOUS_MOVE = YES;
				CLANG_WARN_UNGUARDED_AVAILABILITY = YES_AGGRESSIVE;
				CLANG_WARN_UNREACHABLE_CODE = YES;
				CLANG_WARN__DUPLICATE_METHOD_MATCH = YES;
				COPY_PHASE_STRIP = NO;
				DEBUG_INFORMATION_FORMAT = "dwarf-with-dsym";
				ENABLE_NS_ASSERTIONS = NO;
				ENABLE_STRICT_OBJC_MSGSEND = YES;
				GCC_C_LANGUAGE_STANDARD = gnu11;
				GCC_NO_COMMON_BLOCKS = YES;
				GCC_WARN_64_TO_32_BIT_CONVERSION = YES;
				GCC_WARN_ABOUT_RETURN_TYPE = YES_ERROR;
				GCC_WARN_UNDECLARED_SELECTOR = YES;
				GCC_WARN_UNINITIALIZED_AUTOS = YES_AGGRESSIVE;
				GCC_WARN_UNUSED_FUNCTION = YES;
				GCC_WARN_UNUSED_VARIABLE = YES;
				IPHONEOS_DEPLOYMENT_TARGET = 16.4;
				MTL_ENABLE_DEBUG_INFO = NO;
				MTL_FAST_MATH = YES;
				SDKROOT = iphoneos;
				SWIFT_COMPILATION_MODE = wholemodule;
				SWIFT_OPTIMIZATION_LEVEL = "-O";
				VALIDATE_PRODUCT = YES;
			};
			name = Release;
		};
		1B75ADED2B7171430020A315 /* Debug */ = {
			isa = XCBuildConfiguration;
			buildSettings = {
				ASSETCATALOG_COMPILER_APPICON_NAME = AppIcon;
				ASSETCATALOG_COMPILER_GENERATE_SWIFT_ASSET_SYMBOL_EXTENSIONS = YES;
				ASSETCATALOG_COMPILER_GLOBAL_ACCENT_COLOR_NAME = AccentColor;
				CODE_SIGN_IDENTITY = "Apple Development";
				CODE_SIGN_STYLE = Automatic;
				CURRENT_PROJECT_VERSION = 1;
				DEVELOPMENT_TEAM = 783JJUV38L;
				EMBED_ASSET_PACKS_IN_PRODUCT_BUNDLE = YES;
				GENERATE_INFOPLIST_FILE = YES;
				INFOPLIST_FILE = UiKitDz/Info.plist;
				INFOPLIST_KEY_UIApplicationSupportsIndirectInputEvents = YES;
				INFOPLIST_KEY_UILaunchStoryboardName = LaunchScreen;
				INFOPLIST_KEY_UIMainStoryboardFile = Main;
				INFOPLIST_KEY_UISupportedInterfaceOrientations_iPad = "UIInterfaceOrientationPortrait UIInterfaceOrientationPortraitUpsideDown UIInterfaceOrientationLandscapeLeft UIInterfaceOrientationLandscapeRight";
				INFOPLIST_KEY_UISupportedInterfaceOrientations_iPhone = "UIInterfaceOrientationPortrait UIInterfaceOrientationLandscapeLeft UIInterfaceOrientationLandscapeRight";
				LD_RUNPATH_SEARCH_PATHS = (
					"$(inherited)",
					"@executable_path/Frameworks",
				);
				MARKETING_VERSION = 1.0;
				PRODUCT_BUNDLE_IDENTIFIER = com.UiKitDz;
				PRODUCT_NAME = "$(TARGET_NAME)";
				PROVISIONING_PROFILE_SPECIFIER = "";
				SWIFT_EMIT_LOC_STRINGS = YES;
				SWIFT_VERSION = 5.0;
				TARGETED_DEVICE_FAMILY = "1,2";
			};
			name = Debug;
		};
		1B75ADEE2B7171430020A315 /* Release */ = {
			isa = XCBuildConfiguration;
			buildSettings = {
				ASSETCATALOG_COMPILER_APPICON_NAME = AppIcon;
				ASSETCATALOG_COMPILER_GENERATE_SWIFT_ASSET_SYMBOL_EXTENSIONS = YES;
				ASSETCATALOG_COMPILER_GLOBAL_ACCENT_COLOR_NAME = AccentColor;
				CODE_SIGN_IDENTITY = "Apple Development";
				CODE_SIGN_STYLE = Automatic;
				CURRENT_PROJECT_VERSION = 1;
				DEVELOPMENT_TEAM = 783JJUV38L;
				EMBED_ASSET_PACKS_IN_PRODUCT_BUNDLE = YES;
				GENERATE_INFOPLIST_FILE = YES;
				INFOPLIST_FILE = UiKitDz/Info.plist;
				INFOPLIST_KEY_UIApplicationSupportsIndirectInputEvents = YES;
				INFOPLIST_KEY_UILaunchStoryboardName = LaunchScreen;
				INFOPLIST_KEY_UIMainStoryboardFile = Main;
				INFOPLIST_KEY_UISupportedInterfaceOrientations_iPad = "UIInterfaceOrientationPortrait UIInterfaceOrientationPortraitUpsideDown UIInterfaceOrientationLandscapeLeft UIInterfaceOrientationLandscapeRight";
				INFOPLIST_KEY_UISupportedInterfaceOrientations_iPhone = "UIInterfaceOrientationPortrait UIInterfaceOrientationLandscapeLeft UIInterfaceOrientationLandscapeRight";
				LD_RUNPATH_SEARCH_PATHS = (
					"$(inherited)",
					"@executable_path/Frameworks",
				);
				MARKETING_VERSION = 1.0;
				PRODUCT_BUNDLE_IDENTIFIER = com.UiKitDz;
				PRODUCT_NAME = "$(TARGET_NAME)";
				PROVISIONING_PROFILE_SPECIFIER = "";
				SWIFT_EMIT_LOC_STRINGS = YES;
				SWIFT_VERSION = 5.0;
				TARGETED_DEVICE_FAMILY = "1,2";
			};
			name = Release;
		};
/* End XCBuildConfiguration section */

/* Begin XCConfigurationList section */
		1B75ADD32B7171420020A315 /* Build configuration list for PBXProject "UiKitDz" */ = {
			isa = XCConfigurationList;
			buildConfigurations = (
				1B75ADEA2B7171430020A315 /* Debug */,
				1B75ADEB2B7171430020A315 /* Release */,
			);
			defaultConfigurationIsVisible = 0;
			defaultConfigurationName = Release;
		};
		1B75ADEC2B7171430020A315 /* Build configuration list for PBXNativeTarget "UiKitDz" */ = {
			isa = XCConfigurationList;
			buildConfigurations = (
				1B75ADED2B7171430020A315 /* Debug */,
				1B75ADEE2B7171430020A315 /* Release */,
			);
			defaultConfigurationIsVisible = 0;
			defaultConfigurationName = Release;
		};
/* End XCConfigurationList section */
	};
	rootObject = 1B75ADD02B7171420020A315 /* Project object */;
}
